github.com/go-richdoc/richdoc v0.2.0 h1:z9cLox9MoInZL6fIlweMzgDT/VqgnB2ZucSIEaRFglY=
github.com/go-richdoc/richdoc v0.2.0/go.mod h1:aCX8ulqg5CoKqSWgWeEWul1Oj0d2VxQeaQNI0+jsm7c=
github.com/go-richdoc/richdoc v0.3.0 h1:BPUHZ0NUrmDVffs2jJcj6ur8mqlccZpZVpCOsuQT9gQ=
github.com/go-richdoc/richdoc v0.3.0/go.mod h1:aCX8ulqg5CoKqSWgWeEWul1Oj0d2VxQeaQNI0+jsm7c=
